
Microsoft Visual Studio Solution File, Format Version 12.00
# Visual Studio Version 16
VisualStudioVersion = 16.0.30021.99
MinimumVisualStudioVersion = 10.0.40219.1
Project("{FAE04EC0-301F-11D3-BF4B-00C04F79EFBC}") = "ACADEMY_864129_WebApp", "ACADEMY_864129_WebApp\ACADEMY_864129_WebApp.csproj", "{AEEA09C3-3574-4A1D-A55D-2630B6042695}"
EndProject
Global
	GlobalSection(SolutionConfigurationPlatforms) = preSolution
		Debug|Any CPU = Debug|Any CPU
		Release|Any CPU = Release|Any CPU
	EndGlobalSection
	GlobalSection(ProjectConfigurationPlatforms) = postSolution
		{AEEA09C3-3574-4A1D-A55D-2630B6042695}.Debug|Any CPU.ActiveCfg = Debug|Any CPU
		{AEEA09C3-3574-4A1D-A55D-2630B6042695}.Debug|Any CPU.Build.0 = Debug|Any CPU
		{AEEA09C3-3574-4A1D-A55D-2630B6042695}.Release|Any CPU.ActiveCfg = Release|Any CPU
		{AEEA09C3-3574-4A1D-A55D-2630B6042695}.Release|Any CPU.Build.0 = Release|Any CPU
	EndGlobalSection
	GlobalSection(SolutionProperties) = preSolution
		HideSolutionNode = FALSE
	EndGlobalSection
	GlobalSection(ExtensibilityGlobals) = postSolution
		SolutionGuid = {67404E64-1F8D-4A30-860E-84F4BD13A0DB}
	EndGlobalSection
EndGlobal
